# THIS IS AN AUTOGENERATED FILE. DO NOT EDIT THIS FILE DIRECTLY.
# yarn lockfile v1


"@tsconfig/node16-strictest@^1.0.3":
  version "1.0.3"
  resolved "https://registry.yarnpkg.com/@tsconfig/node16-strictest/-/node16-strictest-1.0.3.tgz#f99c8ebd35eab32277c26ebaea55b72e77855ec1"
  integrity sha512-sY7TxE3BzAdsCuKqGWOTtAoPe4tPD0xlPWfjinJvrBvCulyALVSwvIoo7WMcX8O/WyMFzn9rQObA43mAogQ8MQ==

typescript@^4.7.4:
  version "4.7.4"
  resolved "https://registry.yarnpkg.com/typescript/-/typescript-4.7.4.tgz#1a88596d1cf47d59507a1bcdfb5b9dfe4d488235"
  integrity sha512-C0WQT0gezHuw6AdY1M2jxUO83Rjf0HP7Sk1DtXj6j1EwkQNZrHAg2XPWlq62oqEhYvONq5pkC2Y9oPljWToLmQ==
